Microsoft Visual Studio Solution File, Format Version 12.00
# Visual Studio Version 17
VisualStudioVersion = 17.5.2.0
MinimumVisualStudioVersion = 10.0.40219.1
Project("{FAE04EC0-301F-11D3-BF4B-00C04F79EFBC}") = "com_next_tech_carga_batch_consola_aloha", "com_next_tech_carga_batch_consola_aloha.csproj", "{B2C1B643-7E01-A01B-4A1C-E96BEB36440C}"
EndProject
Global
	GlobalSection(SolutionConfigurationPlatforms) = preSolution
		Debug|Any CPU = Debug|Any CPU
		Release|Any CPU = Release|Any CPU
	EndGlobalSection
	GlobalSection(ProjectConfigurationPlatforms) = postSolution
		{B2C1B643-7E01-A01B-4A1C-E96BEB36440C}.Debug|Any CPU.ActiveCfg = Debug|Any CPU
		{B2C1B643-7E01-A01B-4A1C-E96BEB36440C}.Debug|Any CPU.Build.0 = Debug|Any CPU
		{B2C1B643-7E01-A01B-4A1C-E96BEB36440C}.Release|Any CPU.ActiveCfg = Release|Any CPU
		{B2C1B643-7E01-A01B-4A1C-E96BEB36440C}.Release|Any CPU.Build.0 = Release|Any CPU
	EndGlobalSection
	GlobalSection(SolutionProperties) = preSolution
		HideSolutionNode = FALSE
	EndGlobalSection
	GlobalSection(ExtensibilityGlobals) = postSolution
		SolutionGuid = {39E671CE-3CB3-4636-94D3-232FFDC80151}
	EndGlobalSection
EndGlobal
